
Microsoft Visual Studio Solution File, Format Version 12.00
# Visual Studio Version 17
VisualStudioVersion = 17.4.33213.308
MinimumVisualStudioVersion = 10.0.40219.1
Project("{FAE04EC0-301F-11D3-BF4B-00C04F79EFBC}") = "P016_ViewDataTempDataViewBag", "P016_ViewDataTempDataViewBag\P016_ViewDataTempDataViewBag.csproj", "{2E414BEC-3EA6-4D91-A502-A4C323D2727B}"
EndProject
Global
	GlobalSection(SolutionConfigurationPlatforms) = preSolution
		Debug|Any CPU = Debug|Any CPU
		Release|Any CPU = Release|Any CPU
	EndGlobalSection
	GlobalSection(ProjectConfigurationPlatforms) = postSolution
		{2E414BEC-3EA6-4D91-A502-A4C323D2727B}.Debug|Any CPU.ActiveCfg = Debug|Any CPU
		{2E414BEC-3EA6-4D91-A502-A4C323D2727B}.Debug|Any CPU.Build.0 = Debug|Any CPU
		{2E414BEC-3EA6-4D91-A502-A4C323D2727B}.Release|Any CPU.ActiveCfg = Release|Any CPU
		{2E414BEC-3EA6-4D91-A502-A4C323D2727B}.Release|Any CPU.Build.0 = Release|Any CPU
	EndGlobalSection
	GlobalSection(SolutionProperties) = preSolution
		HideSolutionNode = FALSE
	EndGlobalSection
	GlobalSection(ExtensibilityGlobals) = postSolution
		SolutionGuid = {0476E4F3-2A35-40B4-919E-EED18B37D35D}
	EndGlobalSection
EndGlobal
